// !$*UTF8*$!
{
	archiveVersion = 1;
	classes = {
	};
	objectVersion = 56;
	objects = {

/* Begin PBXBuildFile section */
		0B6977DEBF651AC0DEC119F3 /* Pods_iNetwork_MVCTests.framework in Frameworks */ = {isa = PBXBuildFile; fileRef = BE8730368AA3E4341661B05D /* Pods_iNetwork_MVCTests.framework */; };
		0E71D39829FE52C90065ED55 /* AppDelegate.swift in Sources */ = {isa = PBXBuildFile; fileRef = 0E71D39729FE52C90065ED55 /* AppDelegate.swift */; };
		0E71D39A29FE52C90065ED55 /* SceneDelegate.swift in Sources */ = {isa = PBXBuildFile; fileRef = 0E71D39929FE52C90065ED55 /* SceneDelegate.swift */; };
		0E71D39F29FE52C90065ED55 /* Main.storyboard in Resources */ = {isa = PBXBuildFile; fileRef = 0E71D39D29FE52C90065ED55 /* Main.storyboard */; };
		0E71D3A229FE52C90065ED55 /* iNetwork_MVC.xcdatamodeld in Sources */ = {isa = PBXBuildFile; fileRef = 0E71D3A029FE52C90065ED55 /* iNetwork_MVC.xcdatamodeld */; };
		0E71D3A429FE52CA0065ED55 /* Assets.xcassets in Resources */ = {isa = PBXBuildFile; fileRef = 0E71D3A329FE52CA0065ED55 /* Assets.xcassets */; };
		0E71D3A729FE52CA0065ED55 /* LaunchScreen.storyboard in Resources */ = {isa = PBXBuildFile; fileRef = 0E71D3A529FE52CA0065ED55 /* LaunchScreen.storyboard */; };
		0E71D3B229FE52CA0065ED55 /* iNetwork_MVCTests.swift in Sources */ = {isa = PBXBuildFile; fileRef = 0E71D3B129FE52CA0065ED55 /* iNetwork_MVCTests.swift */; };
		0E71D3BC29FE52CA0065ED55 /* iNetwork_MVCUITests.swift in Sources */ = {isa = PBXBuildFile; fileRef = 0E71D3BB29FE52CA0065ED55 /* iNetwork_MVCUITests.swift */; };
		0E71D3BE29FE52CA0065ED55 /* iNetwork_MVCUITestsLaunchTests.swift in Sources */ = {isa = PBXBuildFile; fileRef = 0E71D3BD29FE52CA0065ED55 /* iNetwork_MVCUITestsLaunchTests.swift */; };
		0E71D3CD29FE53630065ED55 /* AFHttp.swift in Sources */ = {isa = PBXBuildFile; fileRef = 0E71D3CC29FE53630065ED55 /* AFHttp.swift */; };
		0E71D3D029FE53CE0065ED55 /* Post.swift in Sources */ = {isa = PBXBuildFile; fileRef = 0E71D3CF29FE53CE0065ED55 /* Post.swift */; };
		0E71D3D429FE54230065ED55 /* BaseViewController.swift in Sources */ = {isa = PBXBuildFile; fileRef = 0E71D3D329FE54230065ED55 /* BaseViewController.swift */; };
		0E71D3D729FE54300065ED55 /* HomeViewController.swift in Sources */ = {isa = PBXBuildFile; fileRef = 0E71D3D529FE54300065ED55 /* HomeViewController.swift */; };
		0E71D3D829FE54300065ED55 /* HomeViewController.xib in Resources */ = {isa = PBXBuildFile; fileRef = 0E71D3D629FE54300065ED55 /* HomeViewController.xib */; };
		0E71D3DB29FE543D0065ED55 /* CreateViewController.swift in Sources */ = {isa = PBXBuildFile; fileRef = 0E71D3D929FE543D0065ED55 /* CreateViewController.swift */; };
		0E71D3DC29FE543D0065ED55 /* CreateViewController.xib in Resources */ = {isa = PBXBuildFile; fileRef = 0E71D3DA29FE543D0065ED55 /* CreateViewController.xib */; };
		0E71D3DF29FE54490065ED55 /* EditViewController.swift in Sources */ = {isa = PBXBuildFile; fileRef = 0E71D3DD29FE54490065ED55 /* EditViewController.swift */; };
		0E71D3E029FE54490065ED55 /* EditViewController.xib in Resources */ = {isa = PBXBuildFile; fileRef = 0E71D3DE29FE54490065ED55 /* EditViewController.xib */; };
		0E71D3E329FE56740065ED55 /* PostTableViewCell.swift in Sources */ = {isa = PBXBuildFile; fileRef = 0E71D3E129FE56740065ED55 /* PostTableViewCell.swift */; };
		0E71D3E429FE56740065ED55 /* PostTableViewCell.xib in Resources */ = {isa = PBXBuildFile; fileRef = 0E71D3E229FE56740065ED55 /* PostTableViewCell.xib */; };
		0E71D3EA29FE60260065ED55 /* HomeView.swift in Sources */ = {isa = PBXBuildFile; fileRef = 0E71D3E929FE60260065ED55 /* HomeView.swift */; };
		0E71D3EC29FE602E0065ED55 /* HomePresenter.swift in Sources */ = {isa = PBXBuildFile; fileRef = 0E71D3EB29FE602E0065ED55 /* HomePresenter.swift */; };
		0E71D3EF29FE60F20065ED55 /* CreateView.swift in Sources */ = {isa = PBXBuildFile; fileRef = 0E71D3EE29FE60F20065ED55 /* CreateView.swift */; };
		0E71D3F129FE60FA0065ED55 /* CreatePresenter.swift in Sources */ = {isa = PBXBuildFile; fileRef = 0E71D3F029FE60FA0065ED55 /* CreatePresenter.swift */; };
		0E71D3F429FE61570065ED55 /* EditView.swift in Sources */ = {isa = PBXBuildFile; fileRef = 0E71D3F329FE61570065ED55 /* EditView.swift */; };
		0E71D3F629FE615F0065ED55 /* EditPresenter.swift in Sources */ = {isa = PBXBuildFile; fileRef = 0E71D3F529FE615F0065ED55 /* EditPresenter.swift */; };
		BD72220F18B3E77AB528882A /* Pods_iNetwork_MVC_iNetwork_MVCUITests.framework in Frameworks */ = {isa = PBXBuildFile; fileRef = CDFE97CCF8782C0CB4200530 /* Pods_iNetwork_MVC_iNetwork_MVCUITests.framework */; };
		ECF0F9CCDF86EA6579686A4A /* Pods_iNetwork_MVC.framework in Frameworks */ = {isa = PBXBuildFile; fileRef = C1EA249750D4549CC685666F /* Pods_iNetwork_MVC.framework */; };
/* End PBXBuildFile section */

/* Begin PBXContainerItemProxy section */
		0E71D3AE29FE52CA0065ED55 /* PBXContainerItemProxy */ = {
			isa = PBXContainerItemProxy;
			containerPortal = 0E71D38C29FE52C90065ED55 /* Project object */;
			proxyType = 1;
			remoteGlobalIDString = 0E71D39329FE52C90065ED55;
			remoteInfo = iNetwork_MVC;
		};
		0E71D3B829FE52CA0065ED55 /* PBXContainerItemProxy */ = {
			isa = PBXContainerItemProxy;
			containerPortal = 0E71D38C29FE52C90065ED55 /* Project object */;
			proxyType = 1;
			remoteGlobalIDString = 0E71D39329FE52C90065ED55;
			remoteInfo = iNetwork_MVC;
		};
/* End PBXContainerItemProxy section */

/* Begin PBXFileReference section */
		00C695EA75B5184248E558EF /* Pods-iNetwork_MVC-iNetwork_MVCUITests.debug.xcconfig */ = {isa = PBXFileReference; includeInIndex = 1; lastKnownFileType = text.xcconfig; name = "Pods-iNetwork_MVC-iNetwork_MVCUITests.debug.xcconfig"; path = "Target Support Files/Pods-iNetwork_MVC-iNetwork_MVCUITests/Pods-iNetwork_MVC-iNetwork_MVCUITests.debug.xcconfig"; sourceTree = "<group>"; };
		0E71D39429FE52C90065ED55 /* iNetwork_MVP.app */ = {isa = PBXFileReference; explicitFileType = wrapper.application; includeInIndex = 0; path = iNetwork_MVP.app; sourceTree = BUILT_PRODUCTS_DIR; };
		0E71D39729FE52C90065ED55 /* AppDelegate.swift */ = {isa = PBXFileReference; lastKnownFileType = sourcecode.swift; path = AppDelegate.swift; sourceTree = "<group>"; };
		0E71D39929FE52C90065ED55 /* SceneDelegate.swift */ = {isa = PBXFileReference; lastKnownFileType = sourcecode.swift; path = SceneDelegate.swift; sourceTree = "<group>"; };
		0E71D39E29FE52C90065ED55 /* Base */ = {isa = PBXFileReference; lastKnownFileType = file.storyboard; name = Base; path = Base.lproj/Main.storyboard; sourceTree = "<group>"; };
		0E71D3A129FE52C90065ED55 /* iNetwork_MVC.xcdatamodel */ = {isa = PBXFileReference; lastKnownFileType = wrapper.xcdatamodel; path = iNetwork_MVC.xcdatamodel; sourceTree = "<group>"; };
		0E71D3A329FE52CA0065ED55 /* Assets.xcassets */ = {isa = PBXFileReference; lastKnownFileType = folder.assetcatalog; path = Assets.xcassets; sourceTree = "<group>"; };
		0E71D3A629FE52CA0065ED55 /* Base */ = {isa = PBXFileReference; lastKnownFileType = file.storyboard; name = Base; path = Base.lproj/LaunchScreen.storyboard; sourceTree = "<group>"; };
		0E71D3A829FE52CA0065ED55 /* Info.plist */ = {isa = PBXFileReference; lastKnownFileType = text.plist.xml; path = Info.plist; sourceTree = "<group>"; };
		0E71D3AD29FE52CA0065ED55 /* iNetwork_MVPTests.xctest */ = {isa = PBXFileReference; explicitFileType = wrapper.cfbundle; includeInIndex = 0; path = iNetwork_MVPTests.xctest; sourceTree = BUILT_PRODUCTS_DIR; };
		0E71D3B129FE52CA0065ED55 /* iNetwork_MVCTests.swift */ = {isa = PBXFileReference; lastKnownFileType = sourcecode.swift; path = iNetwork_MVCTests.swift; sourceTree = "<group>"; };
		0E71D3B729FE52CA0065ED55 /* iNetwork_MVPUITests.xctest */ = {isa = PBXFileReference; explicitFileType = wrapper.cfbundle; includeInIndex = 0; path = iNetwork_MVPUITests.xctest; sourceTree = BUILT_PRODUCTS_DIR; };
		0E71D3BB29FE52CA0065ED55 /* iNetwork_MVCUITests.swift */ = {isa = PBXFileReference; lastKnownFileType = sourcecode.swift; path = iNetwork_MVCUITests.swift; sourceTree = "<group>"; };
		0E71D3BD29FE52CA0065ED55 /* iNetwork_MVCUITestsLaunchTests.swift */ = {isa = PBXFileReference; lastKnownFileType = sourcecode.swift; path = iNetwork_MVCUITestsLaunchTests.swift; sourceTree = "<group>"; };
		0E71D3CC29FE53630065ED55 /* AFHttp.swift */ = {isa = PBXFileReference; lastKnownFileType = sourcecode.swift; path = AFHttp.swift; sourceTree = "<group>"; };
		0E71D3CF29FE53CE0065ED55 /* Post.swift */ = {isa = PBXFileReference; lastKnownFileType = sourcecode.swift; path = Post.swift; sourceTree = "<group>"; };
		0E71D3D329FE54230065ED55 /* BaseViewController.swift */ = {isa = PBXFileReference; lastKnownFileType = sourcecode.swift; path = BaseViewController.swift; sourceTree = "<group>"; };
		0E71D3D529FE54300065ED55 /* HomeViewController.swift */ = {isa = PBXFileReference; lastKnownFileType = sourcecode.swift; path = HomeViewController.swift; sourceTree = "<group>"; };
		0E71D3D629FE54300065ED55 /* HomeViewController.xib */ = {isa = PBXFileReference; lastKnownFileType = file.xib; path = HomeViewController.xib; sourceTree = "<group>"; };
		0E71D3D929FE543D0065ED55 /* CreateViewController.swift */ = {isa = PBXFileReference; lastKnownFileType = sourcecode.swift; path = CreateViewController.swift; sourceTree = "<group>"; };
		0E71D3DA29FE543D0065ED55 /* CreateViewController.xib */ = {isa = PBXFileReference; lastKnownFileType = file.xib; path = CreateViewController.xib; sourceTree = "<group>"; };
		0E71D3DD29FE54490065ED55 /* EditViewController.swift */ = {isa = PBXFileReference; lastKnownFileType = sourcecode.swift; path = EditViewController.swift; sourceTree = "<group>"; };
		0E71D3DE29FE54490065ED55 /* EditViewController.xib */ = {isa = PBXFileReference; lastKnownFileType = file.xib; path = EditViewController.xib; sourceTree = "<group>"; };
		0E71D3E129FE56740065ED55 /* PostTableViewCell.swift */ = {isa = PBXFileReference; lastKnownFileType = sourcecode.swift; path = PostTableViewCell.swift; sourceTree = "<group>"; };
		0E71D3E229FE56740065ED55 /* PostTableViewCell.xib */ = {isa = PBXFileReference; lastKnownFileType = file.xib; path = PostTableViewCell.xib; sourceTree = "<group>"; };
		0E71D3E929FE60260065ED55 /* HomeView.swift */ = {isa = PBXFileReference; lastKnownFileType = sourcecode.swift; path = HomeView.swift; sourceTree = "<group>"; };
		0E71D3EB29FE602E0065ED55 /* HomePresenter.swift */ = {isa = PBXFileReference; lastKnownFileType = sourcecode.swift; path = HomePresenter.swift; sourceTree = "<group>"; };
		0E71D3EE29FE60F20065ED55 /* CreateView.swift */ = {isa = PBXFileReference; lastKnownFileType = sourcecode.swift; path = CreateView.swift; sourceTree = "<group>"; };
		0E71D3F029FE60FA0065ED55 /* CreatePresenter.swift */ = {isa = PBXFileReference; lastKnownFileType = sourcecode.swift; path = CreatePresenter.swift; sourceTree = "<group>"; };
		0E71D3F329FE61570065ED55 /* EditView.swift */ = {isa = PBXFileReference; lastKnownFileType = sourcecode.swift; path = EditView.swift; sourceTree = "<group>"; };
		0E71D3F529FE615F0065ED55 /* EditPresenter.swift */ = {isa = PBXFileReference; lastKnownFileType = sourcecode.swift; path = EditPresenter.swift; sourceTree = "<group>"; };
		283D177E3A98E5CA4BFBB31F /* Pods-iNetwork_MVCTests.debug.xcconfig */ = {isa = PBXFileReference; includeInIndex = 1; lastKnownFileType = text.xcconfig; name = "Pods-iNetwork_MVCTests.debug.xcconfig"; path = "Target Support Files/Pods-iNetwork_MVCTests/Pods-iNetwork_MVCTests.debug.xcconfig"; sourceTree = "<group>"; };
		7C765C0DBBA977A76540F545 /* Pods-iNetwork_MVC.debug.xcconfig */ = {isa = PBXFileReference; includeInIndex = 1; lastKnownFileType = text.xcconfig; name = "Pods-iNetwork_MVC.debug.xcconfig"; path = "Target Support Files/Pods-iNetwork_MVC/Pods-iNetwork_MVC.debug.xcconfig"; sourceTree = "<group>"; };
		93496069ABEED918B33204A2 /* Pods-iNetwork_MVC.release.xcconfig */ = {isa = PBXFileReference; includeInIndex = 1; lastKnownFileType = text.xcconfig; name = "Pods-iNetwork_MVC.release.xcconfig"; path = "Target Support Files/Pods-iNetwork_MVC/Pods-iNetwork_MVC.release.xcconfig"; sourceTree = "<group>"; };
		BE8730368AA3E4341661B05D /* Pods_iNetwork_MVCTests.framework */ = {isa = PBXFileReference; explicitFileType = wrapper.framework; includeInIndex = 0; path = Pods_iNetwork_MVCTests.framework; sourceTree = BUILT_PRODUCTS_DIR; };
		C1EA249750D4549CC685666F /* Pods_iNetwork_MVC.framework */ = {isa = PBXFileReference; explicitFileType = wrapper.framework; includeInIndex = 0; path = Pods_iNetwork_MVC.framework; sourceTree = BUILT_PRODUCTS_DIR; };
		CDFE97CCF8782C0CB4200530 /* Pods_iNetwork_MVC_iNetwork_MVCUITests.framework */ = {isa = PBXFileReference; explicitFileType = wrapper.framework; includeInIndex = 0; path = Pods_iNetwork_MVC_iNetwork_MVCUITests.framework; sourceTree = BUILT_PRODUCTS_DIR; };
		E93AF7E0DAA5F7D5CE6CFD4E /* Pods-iNetwork_MVCTests.release.xcconfig */ = {isa = PBXFileReference; includeInIndex = 1; lastKnownFileType = text.xcconfig; name = "Pods-iNetwork_MVCTests.release.xcconfig"; path = "Target Support Files/Pods-iNetwork_MVCTests/Pods-iNetwork_MVCTests.release.xcconfig"; sourceTree = "<group>"; };
		EF8F68535A87C4409380E165 /* Pods-iNetwork_MVC-iNetwork_MVCUITests.release.xcconfig */ = {isa = PBXFileReference; includeInIndex = 1; lastKnownFileType = text.xcconfig; name = "Pods-iNetwork_MVC-iNetwork_MVCUITests.release.xcconfig"; path = "Target Support Files/Pods-iNetwork_MVC-iNetwork_MVCUITests/Pods-iNetwork_MVC-iNetwork_MVCUITests.release.xcconfig"; sourceTree = "<group>"; };
/* End PBXFileReference section */

/* Begin PBXFrameworksBuildPhase section */
		0E71D39129FE52C90065ED55 /* Frameworks */ = {
			isa = PBXFrameworksBuildPhase;
			buildActionMask = 2147483647;
			files = (
				ECF0F9CCDF86EA6579686A4A /* Pods_iNetwork_MVC.framework in Frameworks */,
			);
			runOnlyForDeploymentPostprocessing = 0;
		};
		0E71D3AA29FE52CA0065ED55 /* Frameworks */ = {
			isa = PBXFrameworksBuildPhase;
			buildActionMask = 2147483647;
			files = (
				0B6977DEBF651AC0DEC119F3 /* Pods_iNetwork_MVCTests.framework in Frameworks */,
			);
			runOnlyForDeploymentPostprocessing = 0;
		};
		0E71D3B429FE52CA0065ED55 /* Frameworks */ = {
			isa = PBXFrameworksBuildPhase;
			buildActionMask = 2147483647;
			files = (
				BD72220F18B3E77AB528882A /* Pods_iNetwork_MVC_iNetwork_MVCUITests.framework in Frameworks */,
			);
			runOnlyForDeploymentPostprocessing = 0;
		};
/* End PBXFrameworksBuildPhase section */

/* Begin PBXGroup section */
		005B377DBE35A1B9264C6DD3 /* Pods */ = {
			isa = PBXGroup;
			children = (
				7C765C0DBBA977A76540F545 /* Pods-iNetwork_MVC.debug.xcconfig */,
				93496069ABEED918B33204A2 /* Pods-iNetwork_MVC.release.xcconfig */,
				00C695EA75B5184248E558EF /* Pods-iNetwork_MVC-iNetwork_MVCUITests.debug.xcconfig */,
				EF8F68535A87C4409380E165 /* Pods-iNetwork_MVC-iNetwork_MVCUITests.release.xcconfig */,
				283D177E3A98E5CA4BFBB31F /* Pods-iNetwork_MVCTests.debug.xcconfig */,
				E93AF7E0DAA5F7D5CE6CFD4E /* Pods-iNetwork_MVCTests.release.xcconfig */,
			);
			path = Pods;
			sourceTree = "<group>";
		};
		0E71D38B29FE52C90065ED55 = {
			isa = PBXGroup;
			children = (
				0E71D39629FE52C90065ED55 /* iNetwork_MVC */,
				0E71D3B029FE52CA0065ED55 /* iNetwork_MVCTests */,
				0E71D3BA29FE52CA0065ED55 /* iNetwork_MVCUITests */,
				0E71D39529FE52C90065ED55 /* Products */,
				005B377DBE35A1B9264C6DD3 /* Pods */,
				C3867D41B44479219C30513E /* Frameworks */,
			);
			sourceTree = "<group>";
		};
		0E71D39529FE52C90065ED55 /* Products */ = {
			isa = PBXGroup;
			children = (
				0E71D39429FE52C90065ED55 /* iNetwork_MVP.app */,
				0E71D3AD29FE52CA0065ED55 /* iNetwork_MVPTests.xctest */,
				0E71D3B729FE52CA0065ED55 /* iNetwork_MVPUITests.xctest */,
			);
			name = Products;
			sourceTree = "<group>";
		};
		0E71D39629FE52C90065ED55 /* iNetwork_MVC */ = {
			isa = PBXGroup;
			children = (
				0E71D3D229FE53FE0065ED55 /* controllers */,
				0E71D3D129FE53FA0065ED55 /* cell */,
				0E71D3CE29FE53740065ED55 /* model */,
				0E71D3CB29FE53580065ED55 /* network */,
				0E71D3CA29FE533C0065ED55 /* apputils */,
				0E71D39729FE52C90065ED55 /* AppDelegate.swift */,
				0E71D39929FE52C90065ED55 /* SceneDelegate.swift */,
				0E71D3A829FE52CA0065ED55 /* Info.plist */,
			);
			path = iNetwork_MVC;
			sourceTree = "<group>";
		};
		0E71D3B029FE52CA0065ED55 /* iNetwork_MVCTests */ = {
			isa = PBXGroup;
			children = (
				0E71D3B129FE52CA0065ED55 /* iNetwork_MVCTests.swift */,
			);
			path = iNetwork_MVCTests;
			sourceTree = "<group>";
		};
		0E71D3BA29FE52CA0065ED55 /* iNetwork_MVCUITests */ = {
			isa = PBXGroup;
			children = (
				0E71D3BB29FE52CA0065ED55 /* iNetwork_MVCUITests.swift */,
				0E71D3BD29FE52CA0065ED55 /* iNetwork_MVCUITestsLaunchTests.swift */,
			);
			path = iNetwork_MVCUITests;
			sourceTree = "<group>";
		};
		0E71D3CA29FE533C0065ED55 /* apputils */ = {
			isa = PBXGroup;
			children = (
				0E71D39D29FE52C90065ED55 /* Main.storyboard */,
				0E71D3A329FE52CA0065ED55 /* Assets.xcassets */,
				0E71D3A529FE52CA0065ED55 /* LaunchScreen.storyboard */,
				0E71D3A029FE52C90065ED55 /* iNetwork_MVC.xcdatamodeld */,
			);
			path = apputils;
			sourceTree = "<group>";
		};
		0E71D3CB29FE53580065ED55 /* network */ = {
			isa = PBXGroup;
			children = (
				0E71D3CC29FE53630065ED55 /* AFHttp.swift */,
			);
			path = network;
			sourceTree = "<group>";
		};
		0E71D3CE29FE53740065ED55 /* model */ = {
			isa = PBXGroup;
			children = (
				0E71D3CF29FE53CE0065ED55 /* Post.swift */,
			);
			path = model;
			sourceTree = "<group>";
		};
		0E71D3D129FE53FA0065ED55 /* cell */ = {
			isa = PBXGroup;
			children = (
				0E71D3E129FE56740065ED55 /* PostTableViewCell.swift */,
				0E71D3E229FE56740065ED55 /* PostTableViewCell.xib */,
			);
			path = cell;
			sourceTree = "<group>";
		};
		0E71D3D229FE53FE0065ED55 /* controllers */ = {
			isa = PBXGroup;
			children = (
				0E71D3D329FE54230065ED55 /* BaseViewController.swift */,
				0E71D3E729FE5FFC0065ED55 /* home */,
				0E71D3E629FE5FF70065ED55 /* create */,
				0E71D3E529FE5FF30065ED55 /* edit */,
			);
			path = controllers;
			sourceTree = "<group>";
		};
		0E71D3E529FE5FF30065ED55 /* edit */ = {
			isa = PBXGroup;
			children = (
				0E71D3F229FE614D0065ED55 /* presenter */,
				0E71D3DD29FE54490065ED55 /* EditViewController.swift */,
				0E71D3DE29FE54490065ED55 /* EditViewController.xib */,
			);
			path = edit;
			sourceTree = "<group>";
		};
		0E71D3E629FE5FF70065ED55 /* create */ = {
			isa = PBXGroup;
			children = (
				0E71D3ED29FE60E10065ED55 /* presenter */,
				0E71D3DA29FE543D0065ED55 /* CreateViewController.xib */,
				0E71D3D929FE543D0065ED55 /* CreateViewController.swift */,
			);
			path = create;
			sourceTree = "<group>";
		};
		0E71D3E729FE5FFC0065ED55 /* home */ = {
			isa = PBXGroup;
			children = (
				0E71D3E829FE60140065ED55 /* preseter */,
				0E71D3D629FE54300065ED55 /* HomeViewController.xib */,
				0E71D3D529FE54300065ED55 /* HomeViewController.swift */,
			);
			path = home;
			sourceTree = "<group>";
		};
		0E71D3E829FE60140065ED55 /* preseter */ = {
			isa = PBXGroup;
			children = (
				0E71D3E929FE60260065ED55 /* HomeView.swift */,
				0E71D3EB29FE602E0065ED55 /* HomePresenter.swift */,
			);
			path = preseter;
			sourceTree = "<group>";
		};
		0E71D3ED29FE60E10065ED55 /* presenter */ = {
			isa = PBXGroup;
			children = (
				0E71D3EE29FE60F20065ED55 /* CreateView.swift */,
				0E71D3F029FE60FA0065ED55 /* CreatePresenter.swift */,
			);
			path = presenter;
			sourceTree = "<group>";
		};
		0E71D3F229FE614D0065ED55 /* presenter */ = {
			isa = PBXGroup;
			children = (
				0E71D3F329FE61570065ED55 /* EditView.swift */,
				0E71D3F529FE615F0065ED55 /* EditPresenter.swift */,
			);
			path = presenter;
			sourceTree = "<group>";
		};
		C3867D41B44479219C30513E /* Frameworks */ = {
			isa = PBXGroup;
			children = (
				C1EA249750D4549CC685666F /* Pods_iNetwork_MVC.framework */,
				CDFE97CCF8782C0CB4200530 /* Pods_iNetwork_MVC_iNetwork_MVCUITests.framework */,
				BE8730368AA3E4341661B05D /* Pods_iNetwork_MVCTests.framework */,
			);
			name = Frameworks;
			sourceTree = "<group>";
		};
/* End PBXGroup section */

/* Begin PBXNativeTarget section */
		0E71D39329FE52C90065ED55 /* iNetwork_MVP */ = {
			isa = PBXNativeTarget;
			buildConfigurationList = 0E71D3C129FE52CA0065ED55 /* Build configuration list for PBXNativeTarget "iNetwork_MVP" */;
			buildPhases = (
				E6476B50D4E34BB391DD51F5 /* [CP] Check Pods Manifest.lock */,
				0E71D39029FE52C90065ED55 /* Sources */,
				0E71D39129FE52C90065ED55 /* Frameworks */,
				0E71D39229FE52C90065ED55 /* Resources */,
				ACE2906B3E74121332B6733D /* [CP] Embed Pods Frameworks */,
			);
			buildRules = (
			);
			dependencies = (
			);
			name = iNetwork_MVP;
			productName = iNetwork_MVC;
			productReference = 0E71D39429FE52C90065ED55 /* iNetwork_MVP.app */;
			productType = "com.apple.product-type.application";
		};
		0E71D3AC29FE52CA0065ED55 /* iNetwork_MVPTests */ = {
			isa = PBXNativeTarget;
			buildConfigurationList = 0E71D3C429FE52CA0065ED55 /* Build configuration list for PBXNativeTarget "iNetwork_MVPTests" */;
			buildPhases = (
				637E39B1D20EA954B426A22F /* [CP] Check Pods Manifest.lock */,
				0E71D3A929FE52CA0065ED55 /* Sources */,
				0E71D3AA29FE52CA0065ED55 /* Frameworks */,
				0E71D3AB29FE52CA0065ED55 /* Resources */,
			);
			buildRules = (
			);
			dependencies = (
				0E71D3AF29FE52CA0065ED55 /* PBXTargetDependency */,
			);
			name = iNetwork_MVPTests;
			productName = iNetwork_MVCTests;
			productReference = 0E71D3AD29FE52CA0065ED55 /* iNetwork_MVPTests.xctest */;
			productType = "com.apple.product-type.bundle.unit-test";
		};
		0E71D3B629FE52CA0065ED55 /* iNetwork_MVPUITests */ = {
			isa = PBXNativeTarget;
			buildConfigurationList = 0E71D3C729FE52CA0065ED55 /* Build configuration list for PBXNativeTarget "iNetwork_MVPUITests" */;
			buildPhases = (
				485A3C11B803B18F903BF550 /* [CP] Check Pods Manifest.lock */,
				0E71D3B329FE52CA0065ED55 /* Sources */,
				0E71D3B429FE52CA0065ED55 /* Frameworks */,
				0E71D3B529FE52CA0065ED55 /* Resources */,
				196531D8ABF74CDC8D4A38C7 /* [CP] Embed Pods Frameworks */,
			);
			buildRules = (
			);
			dependencies = (
				0E71D3B929FE52CA0065ED55 /* PBXTargetDependency */,
			);
			name = iNetwork_MVPUITests;
			productName = iNetwork_MVCUITests;
			productReference = 0E71D3B729FE52CA0065ED55 /* iNetwork_MVPUITests.xctest */;
			productType = "com.apple.product-type.bundle.ui-testing";
		};
/* End PBXNativeTarget section */

/* Begin PBXProject section */
		0E71D38C29FE52C90065ED55 /* Project object */ = {
			isa = PBXProject;
			attributes = {
				BuildIndependentTargetsInParallel = 1;
				LastSwiftUpdateCheck = 1420;
				LastUpgradeCheck = 1420;
				TargetAttributes = {
					0E71D39329FE52C90065ED55 = {
						CreatedOnToolsVersion = 14.2;
					};
					0E71D3AC29FE52CA0065ED55 = {
						CreatedOnToolsVersion = 14.2;
						TestTargetID = 0E71D39329FE52C90065ED55;
					};
					0E71D3B629FE52CA0065ED55 = {
						CreatedOnToolsVersion = 14.2;
						TestTargetID = 0E71D39329FE52C90065ED55;
					};
				};
			};
			buildConfigurationList = 0E71D38F29FE52C90065ED55 /* Build configuration list for PBXProject "iNetwork_MVP" */;
			compatibilityVersion = "Xcode 14.0";
			developmentRegion = en;
			hasScannedForEncodings = 0;
			knownRegions = (
				en,
				Base,
			);
			mainGroup = 0E71D38B29FE52C90065ED55;
			productRefGroup = 0E71D39529FE52C90065ED55 /* Products */;
			projectDirPath = "";
			projectRoot = "";
			targets = (
				0E71D39329FE52C90065ED55 /* iNetwork_MVP */,
				0E71D3AC29FE52CA0065ED55 /* iNetwork_MVPTests */,
				0E71D3B629FE52CA0065ED55 /* iNetwork_MVPUITests */,
			);
		};
/* End PBXProject section */

/* Begin PBXResourcesBuildPhase section */
		0E71D39229FE52C90065ED55 /* Resources */ = {
			isa = PBXResourcesBuildPhase;
			buildActionMask = 2147483647;
			files = (
				0E71D3E029FE54490065ED55 /* EditViewController.xib in Resources */,
				0E71D3A729FE52CA0065ED55 /* LaunchScreen.storyboard in Resources */,
				0E71D3DC29FE543D0065ED55 /* CreateViewController.xib in Resources */,
				0E71D3A429FE52CA0065ED55 /* Assets.xcassets in Resources */,
				0E71D3E429FE56740065ED55 /* PostTableViewCell.xib in Resources */,
				0E71D39F29FE52C90065ED55 /* Main.storyboard in Resources */,
				0E71D3D829FE54300065ED55 /* HomeViewController.xib in Resources */,
			);
			runOnlyForDeploymentPostprocessing = 0;
		};
		0E71D3AB29FE52CA0065ED55 /* Resources */ = {
			isa = PBXResourcesBuildPhase;
			buildActionMask = 2147483647;
			files = (
			);
			runOnlyForDeploymentPostprocessing = 0;
		};
		0E71D3B529FE52CA0065ED55 /* Resources */ = {
			isa = PBXResourcesBuildPhase;
			buildActionMask = 2147483647;
			files = (
			);
			runOnlyForDeploymentPostprocessing = 0;
		};
/* End PBXResourcesBuildPhase section */

/* Begin PBXShellScriptBuildPhase section */
		196531D8ABF74CDC8D4A38C7 /* [CP] Embed Pods Frameworks */ = {
			isa = PBXShellScriptBuildPhase;
			buildActionMask = 2147483647;
			files = (
			);
			inputFileListPaths = (
				"${PODS_ROOT}/Target Support Files/Pods-iNetwork_MVC-iNetwork_MVCUITests/Pods-iNetwork_MVC-iNetwork_MVCUITests-frameworks-${CONFIGURATION}-input-files.xcfilelist",
			);
			name = "[CP] Embed Pods Frameworks";
			outputFileListPaths = (
				"${PODS_ROOT}/Target Support Files/Pods-iNetwork_MVC-iNetwork_MVCUITests/Pods-iNetwork_MVC-iNetwork_MVCUITests-frameworks-${CONFIGURATION}-output-files.xcfilelist",
			);
			runOnlyForDeploymentPostprocessing = 0;
			shellPath = /bin/sh;
			shellScript = "\"${PODS_ROOT}/Target Support Files/Pods-iNetwork_MVC-iNetwork_MVCUITests/Pods-iNetwork_MVC-iNetwork_MVCUITests-frameworks.sh\"\n";
			showEnvVarsInLog = 0;
		};
		485A3C11B803B18F903BF550 /* [CP] Check Pods Manifest.lock */ = {
			isa = PBXShellScriptBuildPhase;
			buildActionMask = 2147483647;
			files = (
			);
			inputFileListPaths = (
			);
			inputPaths = (
				"${PODS_PODFILE_DIR_PATH}/Podfile.lock",
				"${PODS_ROOT}/Manifest.lock",
			);
			name = "[CP] Check Pods Manifest.lock";
			outputFileListPaths = (
			);
			outputPaths = (
				"$(DERIVED_FILE_DIR)/Pods-iNetwork_MVC-iNetwork_MVCUITests-checkManifestLockResult.txt",
			);
			runOnlyForDeploymentPostprocessing = 0;
			shellPath = /bin/sh;
			shellScript = "diff \"${PODS_PODFILE_DIR_PATH}/Podfile.lock\" \"${PODS_ROOT}/Manifest.lock\" > /dev/null\nif [ $? != 0 ] ; then\n    # print error to STDERR\n    echo \"error: The sandbox is not in sync with the Podfile.lock. Run 'pod install' or update your CocoaPods installation.\" >&2\n    exit 1\nfi\n# This output is used by Xcode 'outputs' to avoid re-running this script phase.\necho \"SUCCESS\" > \"${SCRIPT_OUTPUT_FILE_0}\"\n";
			showEnvVarsInLog = 0;
		};
		637E39B1D20EA954B426A22F /* [CP] Check Pods Manifest.lock */ = {
			isa = PBXShellScriptBuildPhase;
			buildActionMask = 2147483647;
			files = (
			);
			inputFileListPaths = (
			);
			inputPaths = (
				"${PODS_PODFILE_DIR_PATH}/Podfile.lock",
				"${PODS_ROOT}/Manifest.lock",
			);
			name = "[CP] Check Pods Manifest.lock";
			outputFileListPaths = (
			);
			outputPaths = (
				"$(DERIVED_FILE_DIR)/Pods-iNetwork_MVCTests-checkManifestLockResult.txt",
			);
			runOnlyForDeploymentPostprocessing = 0;
			shellPath = /bin/sh;
			shellScript = "diff \"${PODS_PODFILE_DIR_PATH}/Podfile.lock\" \"${PODS_ROOT}/Manifest.lock\" > /dev/null\nif [ $? != 0 ] ; then\n    # print error to STDERR\n    echo \"error: The sandbox is not in sync with the Podfile.lock. Run 'pod install' or update your CocoaPods installation.\" >&2\n    exit 1\nfi\n# This output is used by Xcode 'outputs' to avoid re-running this script phase.\necho \"SUCCESS\" > \"${SCRIPT_OUTPUT_FILE_0}\"\n";
			showEnvVarsInLog = 0;
		};
		ACE2906B3E74121332B6733D /* [CP] Embed Pods Frameworks */ = {
			isa = PBXShellScriptBuildPhase;
			buildActionMask = 2147483647;
			files = (
			);
			inputFileListPaths = (
				"${PODS_ROOT}/Target Support Files/Pods-iNetwork_MVC/Pods-iNetwork_MVC-frameworks-${CONFIGURATION}-input-files.xcfilelist",
			);
			name = "[CP] Embed Pods Frameworks";
			outputFileListPaths = (
				"${PODS_ROOT}/Target Support Files/Pods-iNetwork_MVC/Pods-iNetwork_MVC-frameworks-${CONFIGURATION}-output-files.xcfilelist",
			);
			runOnlyForDeploymentPostprocessing = 0;
			shellPath = /bin/sh;
			shellScript = "\"${PODS_ROOT}/Target Support Files/Pods-iNetwork_MVC/Pods-iNetwork_MVC-frameworks.sh\"\n";
			showEnvVarsInLog = 0;
		};
		E6476B50D4E34BB391DD51F5 /* [CP] Check Pods Manifest.lock */ = {
			isa = PBXShellScriptBuildPhase;
			buildActionMask = 2147483647;
			files = (
			);
			inputFileListPaths = (
			);
			inputPaths = (
				"${PODS_PODFILE_DIR_PATH}/Podfile.lock",
				"${PODS_ROOT}/Manifest.lock",
			);
			name = "[CP] Check Pods Manifest.lock";
			outputFileListPaths = (
			);
			outputPaths = (
				"$(DERIVED_FILE_DIR)/Pods-iNetwork_MVC-checkManifestLockResult.txt",
			);
			runOnlyForDeploymentPostprocessing = 0;
			shellPath = /bin/sh;
			shellScript = "diff \"${PODS_PODFILE_DIR_PATH}/Podfile.lock\" \"${PODS_ROOT}/Manifest.lock\" > /dev/null\nif [ $? != 0 ] ; then\n    # print error to STDERR\n    echo \"error: The sandbox is not in sync with the Podfile.lock. Run 'pod install' or update your CocoaPods installation.\" >&2\n    exit 1\nfi\n# This output is used by Xcode 'outputs' to avoid re-running this script phase.\necho \"SUCCESS\" > \"${SCRIPT_OUTPUT_FILE_0}\"\n";
			showEnvVarsInLog = 0;
		};
/* End PBXShellScriptBuildPhase section */

/* Begin PBXSourcesBuildPhase section */
		0E71D39029FE52C90065ED55 /* Sources */ = {
			isa = PBXSourcesBuildPhase;
			buildActionMask = 2147483647;
			files = (
				0E71D3DB29FE543D0065ED55 /* CreateViewController.swift in Sources */,
				0E71D3CD29FE53630065ED55 /* AFHttp.swift in Sources */,
				0E71D3A229FE52C90065ED55 /* iNetwork_MVC.xcdatamodeld in Sources */,
				0E71D3EC29FE602E0065ED55 /* HomePresenter.swift in Sources */,
				0E71D3D029FE53CE0065ED55 /* Post.swift in Sources */,
				0E71D39829FE52C90065ED55 /* AppDelegate.swift in Sources */,
				0E71D3EA29FE60260065ED55 /* HomeView.swift in Sources */,
				0E71D39A29FE52C90065ED55 /* SceneDelegate.swift in Sources */,
				0E71D3EF29FE60F20065ED55 /* CreateView.swift in Sources */,
				0E71D3D729FE54300065ED55 /* HomeViewController.swift in Sources */,
				0E71D3E329FE56740065ED55 /* PostTableViewCell.swift in Sources */,
				0E71D3F429FE61570065ED55 /* EditView.swift in Sources */,
				0E71D3F629FE615F0065ED55 /* EditPresenter.swift in Sources */,
				0E71D3D429FE54230065ED55 /* BaseViewController.swift in Sources */,
				0E71D3F129FE60FA0065ED55 /* CreatePresenter.swift in Sources */,
				0E71D3DF29FE54490065ED55 /* EditViewController.swift in Sources */,
			);
			runOnlyForDeploymentPostprocessing = 0;
		};
		0E71D3A929FE52CA0065ED55 /* Sources */ = {
			isa = PBXSourcesBuildPhase;
			buildActionMask = 2147483647;
			files = (
				0E71D3B229FE52CA0065ED55 /* iNetwork_MVCTests.swift in Sources */,
			);
			runOnlyForDeploymentPostprocessing = 0;
		};
		0E71D3B329FE52CA0065ED55 /* Sources */ = {
			isa = PBXSourcesBuildPhase;
			buildActionMask = 2147483647;
			files = (
				0E71D3BE29FE52CA0065ED55 /* iNetwork_MVCUITestsLaunchTests.swift in Sources */,
				0E71D3BC29FE52CA0065ED55 /* iNetwork_MVCUITests.swift in Sources */,
			);
			runOnlyForDeploymentPostprocessing = 0;
		};
/* End PBXSourcesBuildPhase section */

/* Begin PBXTargetDependency section */
		0E71D3AF29FE52CA0065ED55 /* PBXTargetDependency */ = {
			isa = PBXTargetDependency;
			target = 0E71D39329FE52C90065ED55 /* iNetwork_MVP */;
			targetProxy = 0E71D3AE29FE52CA0065ED55 /* PBXContainerItemProxy */;
		};
		0E71D3B929FE52CA0065ED55 /* PBXTargetDependency */ = {
			isa = PBXTargetDependency;
			target = 0E71D39329FE52C90065ED55 /* iNetwork_MVP */;
			targetProxy = 0E71D3B829FE52CA0065ED55 /* PBXContainerItemProxy */;
		};
/* End PBXTargetDependency section */

/* Begin PBXVariantGroup section */
		0E71D39D29FE52C90065ED55 /* Main.storyboard */ = {
			isa = PBXVariantGroup;
			children = (
				0E71D39E29FE52C90065ED55 /* Base */,
			);
			name = Main.storyboard;
			sourceTree = "<group>";
		};
		0E71D3A529FE52CA0065ED55 /* LaunchScreen.storyboard */ = {
			isa = PBXVariantGroup;
			children = (
				0E71D3A629FE52CA0065ED55 /* Base */,
			);
			name = LaunchScreen.storyboard;
			sourceTree = "<group>";
		};
/* End PBXVariantGroup section */

/* Begin XCBuildConfiguration section */
		0E71D3BF29FE52CA0065ED55 /* Debug */ = {
			isa = XCBuildConfiguration;
			buildSettings = {
				ALWAYS_SEARCH_USER_PATHS = NO;
				CLANG_ANALYZER_NONNULL = YES;
				CLANG_ANALYZER_NUMBER_OBJECT_CONVERSION = YES_AGGRESSIVE;
				CLANG_CXX_LANGUAGE_STANDARD = "gnu++20";
				CLANG_ENABLE_MODULES = YES;
				CLANG_ENABLE_OBJC_ARC = YES;
				CLANG_ENABLE_OBJC_WEAK = YES;
				CLANG_WARN_BLOCK_CAPTURE_AUTORELEASING = YES;
				CLANG_WARN_BOOL_CONVERSION = YES;
				CLANG_WARN_COMMA = YES;
				CLANG_WARN_CONSTANT_CONVERSION = YES;
				CLANG_WARN_DEPRECATED_OBJC_IMPLEMENTATIONS = YES;
				CLANG_WARN_DIRECT_OBJC_ISA_USAGE = YES_ERROR;
				CLANG_WARN_DOCUMENTATION_COMMENTS = YES;
				CLANG_WARN_EMPTY_BODY = YES;
				CLANG_WARN_ENUM_CONVERSION = YES;
				CLANG_WARN_INFINITE_RECURSION = YES;
				CLANG_WARN_INT_CONVERSION = YES;
				CLANG_WARN_NON_LITERAL_NULL_CONVERSION = YES;
				CLANG_WARN_OBJC_IMPLICIT_RETAIN_SELF = YES;
				CLANG_WARN_OBJC_LITERAL_CONVERSION = YES;
				CLANG_WARN_OBJC_ROOT_CLASS = YES_ERROR;
				CLANG_WARN_QUOTED_INCLUDE_IN_FRAMEWORK_HEADER = YES;
				CLANG_WARN_RANGE_LOOP_ANALYSIS = YES;
				CLANG_WARN_STRICT_PROTOTYPES = YES;
				CLANG_WARN_SUSPICIOUS_MOVE = YES;
				CLANG_WARN_UNGUARDED_AVAILABILITY = YES_AGGRESSIVE;
				CLANG_WARN_UNREACHABLE_CODE = YES;
				CLANG_WARN__DUPLICATE_METHOD_MATCH = YES;
				COPY_PHASE_STRIP = NO;
				DEBUG_INFORMATION_FORMAT = dwarf;
				ENABLE_STRICT_OBJC_MSGSEND = YES;
				ENABLE_TESTABILITY = YES;
				GCC_C_LANGUAGE_STANDARD = gnu11;
				GCC_DYNAMIC_NO_PIC = NO;
				GCC_NO_COMMON_BLOCKS = YES;
				GCC_OPTIMIZATION_LEVEL = 0;
				GCC_PREPROCESSOR_DEFINITIONS = (
					"DEBUG=1",
					"$(inherited)",
				);
				GCC_WARN_64_TO_32_BIT_CONVERSION = YES;
				GCC_WARN_ABOUT_RETURN_TYPE = YES_ERROR;
				GCC_WARN_UNDECLARED_SELECTOR = YES;
				GCC_WARN_UNINITIALIZED_AUTOS = YES_AGGRESSIVE;
				GCC_WARN_UNUSED_FUNCTION = YES;
				GCC_WARN_UNUSED_VARIABLE = YES;
				IPHONEOS_DEPLOYMENT_TARGET = 16.2;
				MTL_ENABLE_DEBUG_INFO = INCLUDE_SOURCE;
				MTL_FAST_MATH = YES;
				ONLY_ACTIVE_ARCH = YES;
				SDKROOT = iphoneos;
				SWIFT_ACTIVE_COMPILATION_CONDITIONS = DEBUG;
				SWIFT_OPTIMIZATION_LEVEL = "-Onone";
			};
			name = Debug;
		};
		0E71D3C029FE52CA0065ED55 /* Release */ = {
			isa = XCBuildConfiguration;
			buildSettings = {
				ALWAYS_SEARCH_USER_PATHS = NO;
				CLANG_ANALYZER_NONNULL = YES;
				CLANG_ANALYZER_NUMBER_OBJECT_CONVERSION = YES_AGGRESSIVE;
				CLANG_CXX_LANGUAGE_STANDARD = "gnu++20";
				CLANG_ENABLE_MODULES = YES;
				CLANG_ENABLE_OBJC_ARC = YES;
				CLANG_ENABLE_OBJC_WEAK = YES;
				CLANG_WARN_BLOCK_CAPTURE_AUTORELEASING = YES;
				CLANG_WARN_BOOL_CONVERSION = YES;
				CLANG_WARN_COMMA = YES;
				CLANG_WARN_CONSTANT_CONVERSION = YES;
				CLANG_WARN_DEPRECATED_OBJC_IMPLEMENTATIONS = YES;
				CLANG_WARN_DIRECT_OBJC_ISA_USAGE = YES_ERROR;
				CLANG_WARN_DOCUMENTATION_COMMENTS = YES;
				CLANG_WARN_EMPTY_BODY = YES;
				CLANG_WARN_ENUM_CONVERSION = YES;
				CLANG_WARN_INFINITE_RECURSION = YES;
				CLANG_WARN_INT_CONVERSION = YES;
				CLANG_WARN_NON_LITERAL_NULL_CONVERSION = YES;
				CLANG_WARN_OBJC_IMPLICIT_RETAIN_SELF = YES;
				CLANG_WARN_OBJC_LITERAL_CONVERSION = YES;
				CLANG_WARN_OBJC_ROOT_CLASS = YES_ERROR;
				CLANG_WARN_QUOTED_INCLUDE_IN_FRAMEWORK_HEADER = YES;
				CLANG_WARN_RANGE_LOOP_ANALYSIS = YES;
				CLANG_WARN_STRICT_PROTOTYPES = YES;
				CLANG_WARN_SUSPICIOUS_MOVE = YES;
				CLANG_WARN_UNGUARDED_AVAILABILITY = YES_AGGRESSIVE;
				CLANG_WARN_UNREACHABLE_CODE = YES;
				CLANG_WARN__DUPLICATE_METHOD_MATCH = YES;
				COPY_PHASE_STRIP = NO;
				DEBUG_INFORMATION_FORMAT = "dwarf-with-dsym";
				ENABLE_NS_ASSERTIONS = NO;
				ENABLE_STRICT_OBJC_MSGSEND = YES;
				GCC_C_LANGUAGE_STANDARD = gnu11;
				GCC_NO_COMMON_BLOCKS = YES;
				GCC_WARN_64_TO_32_BIT_CONVERSION = YES;
				GCC_WARN_ABOUT_RETURN_TYPE = YES_ERROR;
				GCC_WARN_UNDECLARED_SELECTOR = YES;
				GCC_WARN_UNINITIALIZED_AUTOS = YES_AGGRESSIVE;
				GCC_WARN_UNUSED_FUNCTION = YES;
				GCC_WARN_UNUSED_VARIABLE = YES;
				IPHONEOS_DEPLOYMENT_TARGET = 16.2;
				MTL_ENABLE_DEBUG_INFO = NO;
				MTL_FAST_MATH = YES;
				SDKROOT = iphoneos;
				SWIFT_COMPILATION_MODE = wholemodule;
				SWIFT_OPTIMIZATION_LEVEL = "-O";
				VALIDATE_PRODUCT = YES;
			};
			name = Release;
		};
		0E71D3C229FE52CA0065ED55 /* Debug */ = {
			isa = XCBuildConfiguration;
			baseConfigurationReference = 7C765C0DBBA977A76540F545 /* Pods-iNetwork_MVC.debug.xcconfig */;
			buildSettings = {
				ASSETCATALOG_COMPILER_APPICON_NAME = AppIcon;
				ASSETCATALOG_COMPILER_GLOBAL_ACCENT_COLOR_NAME = AccentColor;
				CODE_SIGN_STYLE = Automatic;
				CURRENT_PROJECT_VERSION = 1;
				GENERATE_INFOPLIST_FILE = YES;
				INFOPLIST_FILE = iNetwork_MVC/Info.plist;
				INFOPLIST_KEY_CFBundleDisplayName = iNetwork_MVP;
				INFOPLIST_KEY_UIApplicationSupportsIndirectInputEvents = YES;
				INFOPLIST_KEY_UILaunchStoryboardName = LaunchScreen;
				INFOPLIST_KEY_UIMainStoryboardFile = Main;
				INFOPLIST_KEY_UISupportedInterfaceOrientations_iPad = "UIInterfaceOrientationPortrait UIInterfaceOrientationPortraitUpsideDown UIInterfaceOrientationLandscapeLeft UIInterfaceOrientationLandscapeRight";
				INFOPLIST_KEY_UISupportedInterfaceOrientations_iPhone = "UIInterfaceOrientationPortrait UIInterfaceOrientationLandscapeLeft UIInterfaceOrientationLandscapeRight";
				LD_RUNPATH_SEARCH_PATHS = (
					"$(inherited)",
					"@executable_path/Frameworks",
				);
				MARKETING_VERSION = 1.0;
				PRODUCT_BUNDLE_IDENTIFIER = "com.mysoft.iNetwork-MVC";
				PRODUCT_NAME = "$(TARGET_NAME)";
				SWIFT_EMIT_LOC_STRINGS = YES;
				SWIFT_VERSION = 5.0;
				TARGETED_DEVICE_FAMILY = "1,2";
			};
			name = Debug;
		};
		0E71D3C329FE52CA0065ED55 /* Release */ = {
			isa = XCBuildConfiguration;
			baseConfigurationReference = 93496069ABEED918B33204A2 /* Pods-iNetwork_MVC.release.xcconfig */;
			buildSettings = {
				ASSETCATALOG_COMPILER_APPICON_NAME = AppIcon;
				ASSETCATALOG_COMPILER_GLOBAL_ACCENT_COLOR_NAME = AccentColor;
				CODE_SIGN_STYLE = Automatic;
				CURRENT_PROJECT_VERSION = 1;
				GENERATE_INFOPLIST_FILE = YES;
				INFOPLIST_FILE = iNetwork_MVC/Info.plist;
				INFOPLIST_KEY_CFBundleDisplayName = iNetwork_MVP;
				INFOPLIST_KEY_UIApplicationSupportsIndirectInputEvents = YES;
				INFOPLIST_KEY_UILaunchStoryboardName = LaunchScreen;
				INFOPLIST_KEY_UIMainStoryboardFile = Main;
				INFOPLIST_KEY_UISupportedInterfaceOrientations_iPad = "UIInterfaceOrientationPortrait UIInterfaceOrientationPortraitUpsideDown UIInterfaceOrientationLandscapeLeft UIInterfaceOrientationLandscapeRight";
				INFOPLIST_KEY_UISupportedInterfaceOrientations_iPhone = "UIInterfaceOrientationPortrait UIInterfaceOrientationLandscapeLeft UIInterfaceOrientationLandscapeRight";
				LD_RUNPATH_SEARCH_PATHS = (
					"$(inherited)",
					"@executable_path/Frameworks",
				);
				MARKETING_VERSION = 1.0;
				PRODUCT_BUNDLE_IDENTIFIER = "com.mysoft.iNetwork-MVC";
				PRODUCT_NAME = "$(TARGET_NAME)";
				SWIFT_EMIT_LOC_STRINGS = YES;
				SWIFT_VERSION = 5.0;
				TARGETED_DEVICE_FAMILY = "1,2";
			};
			name = Release;
		};
		0E71D3C529FE52CA0065ED55 /* Debug */ = {
			isa = XCBuildConfiguration;
			baseConfigurationReference = 283D177E3A98E5CA4BFBB31F /* Pods-iNetwork_MVCTests.debug.xcconfig */;
			buildSettings = {
				ALWAYS_EMBED_SWIFT_STANDARD_LIBRARIES = YES;
				BUNDLE_LOADER = "$(TEST_HOST)";
				CODE_SIGN_STYLE = Automatic;
				CURRENT_PROJECT_VERSION = 1;
				GENERATE_INFOPLIST_FILE = YES;
				IPHONEOS_DEPLOYMENT_TARGET = 16.2;
				MARKETING_VERSION = 1.0;
				PRODUCT_BUNDLE_IDENTIFIER = "com.mysoft.iNetwork-MVCTests";
				PRODUCT_NAME = "$(TARGET_NAME)";
				SWIFT_EMIT_LOC_STRINGS = NO;
				SWIFT_VERSION = 5.0;
				TARGETED_DEVICE_FAMILY = "1,2";
				TEST_HOST = "$(BUILT_PRODUCTS_DIR)/iNetwork_MVP.app/$(BUNDLE_EXECUTABLE_FOLDER_PATH)/iNetwork_MVP";
			};
			name = Debug;
		};
		0E71D3C629FE52CA0065ED55 /* Release */ = {
			isa = XCBuildConfiguration;
			baseConfigurationReference = E93AF7E0DAA5F7D5CE6CFD4E /* Pods-iNetwork_MVCTests.release.xcconfig */;
			buildSettings = {
				ALWAYS_EMBED_SWIFT_STANDARD_LIBRARIES = YES;
				BUNDLE_LOADER = "$(TEST_HOST)";
				CODE_SIGN_STYLE = Automatic;
				CURRENT_PROJECT_VERSION = 1;
				GENERATE_INFOPLIST_FILE = YES;
				IPHONEOS_DEPLOYMENT_TARGET = 16.2;
				MARKETING_VERSION = 1.0;
				PRODUCT_BUNDLE_IDENTIFIER = "com.mysoft.iNetwork-MVCTests";
				PRODUCT_NAME = "$(TARGET_NAME)";
				SWIFT_EMIT_LOC_STRINGS = NO;
				SWIFT_VERSION = 5.0;
				TARGETED_DEVICE_FAMILY = "1,2";
				TEST_HOST = "$(BUILT_PRODUCTS_DIR)/iNetwork_MVP.app/$(BUNDLE_EXECUTABLE_FOLDER_PATH)/iNetwork_MVP";
			};
			name = Release;
		};
		0E71D3C829FE52CA0065ED55 /* Debug */ = {
			isa = XCBuildConfiguration;
			baseConfigurationReference = 00C695EA75B5184248E558EF /* Pods-iNetwork_MVC-iNetwork_MVCUITests.debug.xcconfig */;
			buildSettings = {
				ALWAYS_EMBED_SWIFT_STANDARD_LIBRARIES = YES;
				CODE_SIGN_STYLE = Automatic;
				CURRENT_PROJECT_VERSION = 1;
				GENERATE_INFOPLIST_FILE = YES;
				MARKETING_VERSION = 1.0;
				PRODUCT_BUNDLE_IDENTIFIER = "com.mysoft.iNetwork-MVCUITests";
				PRODUCT_NAME = "$(TARGET_NAME)";
				SWIFT_EMIT_LOC_STRINGS = NO;
				SWIFT_VERSION = 5.0;
				TARGETED_DEVICE_FAMILY = "1,2";
				TEST_TARGET_NAME = iNetwork_MVC;
			};
			name = Debug;
		};
		0E71D3C929FE52CA0065ED55 /* Release */ = {
			isa = XCBuildConfiguration;
			baseConfigurationReference = EF8F68535A87C4409380E165 /* Pods-iNetwork_MVC-iNetwork_MVCUITests.release.xcconfig */;
			buildSettings = {
				ALWAYS_EMBED_SWIFT_STANDARD_LIBRARIES = YES;
				CODE_SIGN_STYLE = Automatic;
				CURRENT_PROJECT_VERSION = 1;
				GENERATE_INFOPLIST_FILE = YES;
				MARKETING_VERSION = 1.0;
				PRODUCT_BUNDLE_IDENTIFIER = "com.mysoft.iNetwork-MVCUITests";
				PRODUCT_NAME = "$(TARGET_NAME)";
				SWIFT_EMIT_LOC_STRINGS = NO;
				SWIFT_VERSION = 5.0;
				TARGETED_DEVICE_FAMILY = "1,2";
				TEST_TARGET_NAME = iNetwork_MVC;
			};
			name = Release;
		};
/* End XCBuildConfiguration section */

/* Begin XCConfigurationList section */
		0E71D38F29FE52C90065ED55 /* Build configuration list for PBXProject "iNetwork_MVP" */ = {
			isa = XCConfigurationList;
			buildConfigurations = (
				0E71D3BF29FE52CA0065ED55 /* Debug */,
				0E71D3C029FE52CA0065ED55 /* Release */,
			);
			defaultConfigurationIsVisible = 0;
			defaultConfigurationName = Release;
		};
		0E71D3C129FE52CA0065ED55 /* Build configuration list for PBXNativeTarget "iNetwork_MVP" */ = {
			isa = XCConfigurationList;
			buildConfigurations = (
				0E71D3C229FE52CA0065ED55 /* Debug */,
				0E71D3C329FE52CA0065ED55 /* Release */,
			);
			defaultConfigurationIsVisible = 0;
			defaultConfigurationName = Release;
		};
		0E71D3C429FE52CA0065ED55 /* Build configuration list for PBXNativeTarget "iNetwork_MVPTests" */ = {
			isa = XCConfigurationList;
			buildConfigurations = (
				0E71D3C529FE52CA0065ED55 /* Debug */,
				0E71D3C629FE52CA0065ED55 /* Release */,
			);
			defaultConfigurationIsVisible = 0;
			defaultConfigurationName = Release;
		};
		0E71D3C729FE52CA0065ED55 /* Build configuration list for PBXNativeTarget "iNetwork_MVPUITests" */ = {
			isa = XCConfigurationList;
			buildConfigurations = (
				0E71D3C829FE52CA0065ED55 /* Debug */,
				0E71D3C929FE52CA0065ED55 /* Release */,
			);
			defaultConfigurationIsVisible = 0;
			defaultConfigurationName = Release;
		};
/* End XCConfigurationList section */

/* Begin XCVersionGroup section */
		0E71D3A029FE52C90065ED55 /* iNetwork_MVC.xcdatamodeld */ = {
			isa = XCVersionGroup;
			children = (
				0E71D3A129FE52C90065ED55 /* iNetwork_MVC.xcdatamodel */,
			);
			currentVersion = 0E71D3A129FE52C90065ED55 /* iNetwork_MVC.xcdatamodel */;
			path = iNetwork_MVC.xcdatamodeld;
			sourceTree = "<group>";
			versionGroupType = wrapper.xcdatamodel;
		};
/* End XCVersionGroup section */
	};
	rootObject = 0E71D38C29FE52C90065ED55 /* Project object */;
}
